
Microsoft Visual Studio Solution File, Format Version 12.00
# SQL Server Management Studio Version 21
VisualStudioVersion = 17.14.36408.4 d17.14
MinimumVisualStudioVersion = 10.0.40219.1
Project("{4F2E2C19-372F-40D8-9FA7-9D2138C6997A}") = "db-icalidad25", "db-icalidad25.ssmssqlproj", "{A1BD5EB6-2311-D4ED-DA09-CF34587B29BF}"
EndProject
Project("{2150E333-8FDC-42A3-9474-1A3956D46DE8}") = "StoredProcedures", "StoredProcedures", "{02EA681E-C7D8-13C7-8484-4AC65E1B71E8}"
	ProjectSection(SolutionItems) = preProject
		usp_GetMenuByEmployeeIdAndRole.sql = usp_GetMenuByEmployeeIdAndRole.sql
	EndProjectSection
EndProject
Global
	GlobalSection(SolutionConfigurationPlatforms) = preSolution
		Default|Default = Default|Default
	EndGlobalSection
	GlobalSection(ProjectConfigurationPlatforms) = postSolution
		{A1BD5EB6-2311-D4ED-DA09-CF34587B29BF}.Default|Default.ActiveCfg = Default
		{77DB161C-3C65-4D70-B508-438378FCA36A}.Default|Default.ActiveCfg = Default
	EndGlobalSection
	GlobalSection(SolutionProperties) = preSolution
		HideSolutionNode = FALSE
	EndGlobalSection
	GlobalSection(ExtensibilityGlobals) = postSolution
		SolutionGuid = {8DCE4D2A-8231-4424-B13A-B873A1044D72}
	EndGlobalSection
EndGlobal
